
Microsoft Visual Studio Solution File, Format Version 12.00
# Visual Studio Version 17
VisualStudioVersion = 17.13.35919.96 d17.13
MinimumVisualStudioVersion = 10.0.40219.1
Project("{54A90642-561A-4BB1-A94E-469ADEE60C69}") = "todowebapp.client", "todowebapp.client\todowebapp.client.esproj", "{C9924677-2EE0-5BAD-BA33-90AEF082D36E}"
EndProject
Project("{FAE04EC0-301F-11D3-BF4B-00C04F79EFBC}") = "ToDoWebApp.Server", "ToDoWebApp.Server\ToDoWebApp.Server.csproj", "{61A4A125-6789-4109-A35E-47ABAF61170E}"
EndProject
Global
	GlobalSection(SolutionConfigurationPlatforms) = preSolution
		Debug|Any CPU = Debug|Any CPU
		Release|Any CPU = Release|Any CPU
	EndGlobalSection
	GlobalSection(ProjectConfigurationPlatforms) = postSolution
		{C9924677-2EE0-5BAD-BA33-90AEF082D36E}.Debug|Any CPU.ActiveCfg = Debug|Any CPU
		{C9924677-2EE0-5BAD-BA33-90AEF082D36E}.Debug|Any CPU.Build.0 = Debug|Any CPU
		{C9924677-2EE0-5BAD-BA33-90AEF082D36E}.Debug|Any CPU.Deploy.0 = Debug|Any CPU
		{C9924677-2EE0-5BAD-BA33-90AEF082D36E}.Release|Any CPU.ActiveCfg = Release|Any CPU
		{C9924677-2EE0-5BAD-BA33-90AEF082D36E}.Release|Any CPU.Build.0 = Release|Any CPU
		{C9924677-2EE0-5BAD-BA33-90AEF082D36E}.Release|Any CPU.Deploy.0 = Release|Any CPU
		{61A4A125-6789-4109-A35E-47ABAF61170E}.Debug|Any CPU.ActiveCfg = Debug|Any CPU
		{61A4A125-6789-4109-A35E-47ABAF61170E}.Debug|Any CPU.Build.0 = Debug|Any CPU
		{61A4A125-6789-4109-A35E-47ABAF61170E}.Release|Any CPU.ActiveCfg = Release|Any CPU
		{61A4A125-6789-4109-A35E-47ABAF61170E}.Release|Any CPU.Build.0 = Release|Any CPU
	EndGlobalSection
	GlobalSection(SolutionProperties) = preSolution
		HideSolutionNode = FALSE
	EndGlobalSection
	GlobalSection(ExtensibilityGlobals) = postSolution
		SolutionGuid = {11BAEEF0-44C2-4909-9687-C8F5A6568261}
	EndGlobalSection
EndGlobal
